// !$*UTF8*$!
{
	archiveVersion = 1;
	classes = {
	};
	objectVersion = 46;
	objects = {

/* Begin PBXBuildFile section */
		EA96E7FC1A4558200057E390 /* AppDelegate.swift in Sources */ = {isa = PBXBuildFile; fileRef = EA96E7FB1A4558200057E390 /* AppDelegate.swift */; };
		EA96E7FE1A4558200057E390 /* ViewController.swift in Sources */ = {isa = PBXBuildFile; fileRef = EA96E7FD1A4558200057E390 /* ViewController.swift */; };
		EA96E8011A4558200057E390 /* Main.storyboard in Resources */ = {isa = PBXBuildFile; fileRef = EA96E7FF1A4558200057E390 /* Main.storyboard */; };
		EA96E8031A4558200057E390 /* Images.xcassets in Resources */ = {isa = PBXBuildFile; fileRef = EA96E8021A4558200057E390 /* Images.xcassets */; };
		EA96E8061A4558200057E390 /* LaunchScreen.xib in Resources */ = {isa = PBXBuildFile; fileRef = EA96E8041A4558200057E390 /* LaunchScreen.xib */; };
		EA96E8121A4558200057E390 /* PostcardTests.swift in Sources */ = {isa = PBXBuildFile; fileRef = EA96E8111A4558200057E390 /* PostcardTests.swift */; };
/* End PBXBuildFile section */

/* Begin PBXContainerItemProxy section */
		EA96E80C1A4558200057E390 /* PBXContainerItemProxy */ = {
			isa = PBXContainerItemProxy;
			containerPortal = EA96E7EE1A45581F0057E390 /* Project object */;
			proxyType = 1;
			remoteGlobalIDString = EA96E7F51A4558200057E390;
			remoteInfo = Postcard;
		};
/* End PBXContainerItemProxy section */

/* Begin PBXFileReference section */
		EA96E7F61A4558200057E390 /* Postcard.app */ = {isa = PBXFileReference; explicitFileType = wrapper.application; includeInIndex = 0; path = Postcard.app; sourceTree = BUILT_PRODUCTS_DIR; };
		EA96E7FA1A4558200057E390 /* Info.plist */ = {isa = PBXFileReference; lastKnownFileType = text.plist.xml; path = Info.plist; sourceTree = "<group>"; };
		EA96E7FB1A4558200057E390 /* AppDelegate.swift */ = {isa = PBXFileReference; lastKnownFileType = sourcecode.swift; path = AppDelegate.swift; sourceTree = "<group>"; };
		EA96E7FD1A4558200057E390 /* ViewController.swift */ = {isa = PBXFileReference; lastKnownFileType = sourcecode.swift; path = ViewController.swift; sourceTree = "<group>"; };
		EA96E8001A4558200057E390 /* Base */ = {isa = PBXFileReference; lastKnownFileType = file.storyboard; name = Base; path = Base.lproj/Main.storyboard; sourceTree = "<group>"; };
		EA96E8021A4558200057E390 /* Images.xcassets */ = {isa = PBXFileReference; lastKnownFileType = folder.assetcatalog; path = Images.xcassets; sourceTree = "<group>"; };
		EA96E8051A4558200057E390 /* Base */ = {isa = PBXFileReference; lastKnownFileType = file.xib; name = Base; path = Base.lproj/LaunchScreen.xib; sourceTree = "<group>"; };
		EA96E80B1A4558200057E390 /* PostcardTests.xctest */ = {isa = PBXFileReference; explicitFileType = wrapper.cfbundle; includeInIndex = 0; path = PostcardTests.xctest; sourceTree = BUILT_PRODUCTS_DIR; };
		EA96E8101A4558200057E390 /* Info.plist */ = {isa = PBXFileReference; lastKnownFileType = text.plist.xml; path = Info.plist; sourceTree = "<group>"; };
		EA96E8111A4558200057E390 /* PostcardTests.swift */ = {isa = PBXFileReference; lastKnownFileType = sourcecode.swift; path = PostcardTests.swift; sourceTree = "<group>"; };
/* End PBXFileReference section */

/* Begin PBXFrameworksBuildPhase section */
		EA96E7F31A4558200057E390 /* Frameworks */ = {
			isa = PBXFrameworksBuildPhase;
			buildActionMask = 2147483647;
			files = (
			);
			runOnlyForDeploymentPostprocessing = 0;
		};
		EA96E8081A4558200057E390 /* Frameworks */ = {
			isa = PBXFrameworksBuildPhase;
			buildActionMask = 2147483647;
			files = (
			);
			runOnlyForDeploymentPostprocessing = 0;
		};
/* End PBXFrameworksBuildPhase section */

/* Begin PBXGroup section */
		EA96E7ED1A45581F0057E390 = {
			isa = PBXGroup;
			children = (
				EA96E7F81A4558200057E390 /* Postcard */,
				EA96E80E1A4558200057E390 /* PostcardTests */,
				EA96E7F71A4558200057E390 /* Products */,
			);
			sourceTree = "<group>";
		};
		EA96E7F71A4558200057E390 /* Products */ = {
			isa = PBXGroup;
			children = (
				EA96E7F61A4558200057E390 /* Postcard.app */,
				EA96E80B1A4558200057E390 /* PostcardTests.xctest */,
			);
			name = Products;
			sourceTree = "<group>";
		};
		EA96E7F81A4558200057E390 /* Postcard */ = {
			isa = PBXGroup;
			children = (
				EA96E7FB1A4558200057E390 /* AppDelegate.swift */,
				EA96E7FD1A4558200057E390 /* ViewController.swift */,
				EA96E7FF1A4558200057E390 /* Main.storyboard */,
				EA96E8021A4558200057E390 /* Images.xcassets */,
				EA96E8041A4558200057E390 /* LaunchScreen.xib */,
				EA96E7F91A4558200057E390 /* Supporting Files */,
			);
			path = Postcard;
			sourceTree = "<group>";
		};
		EA96E7F91A4558200057E390 /* Supporting Files */ = {
			isa = PBXGroup;
			children = (
				EA96E7FA1A4558200057E390 /* Info.plist */,
			);
			name = "Supporting Files";
			sourceTree = "<group>";
		};
		EA96E80E1A4558200057E390 /* PostcardTests */ = {
			isa = PBXGroup;
			children = (
				EA96E8111A4558200057E390 /* PostcardTests.swift */,
				EA96E80F1A4558200057E390 /* Supporting Files */,
			);
			path = PostcardTests;
			sourceTree = "<group>";
		};
		EA96E80F1A4558200057E390 /* Supporting Files */ = {
			isa = PBXGroup;
			children = (
				EA96E8101A4558200057E390 /* Info.plist */,
			);
			name = "Supporting Files";
			sourceTree = "<group>";
		};
/* End PBXGroup section */

/* Begin PBXNativeTarget section */
		EA96E7F51A4558200057E390 /* Postcard */ = {
			isa = PBXNativeTarget;
			buildConfigurationList = EA96E8151A4558200057E390 /* Build configuration list for PBXNativeTarget "Postcard" */;
			buildPhases = (
				EA96E7F21A4558200057E390 /* Sources */,
				EA96E7F31A4558200057E390 /* Frameworks */,
				EA96E7F41A4558200057E390 /* Resources */,
			);
			buildRules = (
			);
			dependencies = (
			);
			name = Postcard;
			productName = Postcard;
			productReference = EA96E7F61A4558200057E390 /* Postcard.app */;
			productType = "com.apple.product-type.application";
		};
		EA96E80A1A4558200057E390 /* PostcardTests */ = {
			isa = PBXNativeTarget;
			buildConfigurationList = EA96E8181A4558200057E390 /* Build configuration list for PBXNativeTarget "PostcardTests" */;
			buildPhases = (
				EA96E8071A4558200057E390 /* Sources */,
				EA96E8081A4558200057E390 /* Frameworks */,
				EA96E8091A4558200057E390 /* Resources */,
			);
			buildRules = (
			);
			dependencies = (
				EA96E80D1A4558200057E390 /* PBXTargetDependency */,
			);
			name = PostcardTests;
			productName = PostcardTests;
			productReference = EA96E80B1A4558200057E390 /* PostcardTests.xctest */;
			productType = "com.apple.product-type.bundle.unit-test";
		};
/* End PBXNativeTarget section */

/* Begin PBXProject section */
		EA96E7EE1A45581F0057E390 /* Project object */ = {
			isa = PBXProject;
			attributes = {
				LastUpgradeCheck = 0610;
				ORGANIZATIONNAME = "Quin Ferris";
				TargetAttributes = {
					EA96E7F51A4558200057E390 = {
						CreatedOnToolsVersion = 6.1.1;
					};
					EA96E80A1A4558200057E390 = {
						CreatedOnToolsVersion = 6.1.1;
						TestTargetID = EA96E7F51A4558200057E390;
					};
				};
			};
			buildConfigurationList = EA96E7F11A45581F0057E390 /* Build configuration list for PBXProject "Postcard" */;
			compatibilityVersion = "Xcode 3.2";
			developmentRegion = English;
			hasScannedForEncodings = 0;
			knownRegions = (
				en,
				Base,
			);
			mainGroup = EA96E7ED1A45581F0057E390;
			productRefGroup = EA96E7F71A4558200057E390 /* Products */;
			projectDirPath = "";
			projectRoot = "";
			targets = (
				EA96E7F51A4558200057E390 /* Postcard */,
				EA96E80A1A4558200057E390 /* PostcardTests */,
			);
		};
/* End PBXProject section */

/* Begin PBXResourcesBuildPhase section */
		EA96E7F41A4558200057E390 /* Resources */ = {
			isa = PBXResourcesBuildPhase;
			buildActionMask = 2147483647;
			files = (
				EA96E8011A4558200057E390 /* Main.storyboard in Resources */,
				EA96E8061A4558200057E390 /* LaunchScreen.xib in Resources */,
				EA96E8031A4558200057E390 /* Images.xcassets in Resources */,
			);
			runOnlyForDeploymentPostprocessing = 0;
		};
		EA96E8091A4558200057E390 /* Resources */ = {
			isa = PBXResourcesBuildPhase;
			buildActionMask = 2147483647;
			files = (
			);
			runOnlyForDeploymentPostprocessing = 0;
		};
/* End PBXResourcesBuildPhase section */

/* Begin PBXSourcesBuildPhase section */
		EA96E7F21A4558200057E390 /* Sources */ = {
			isa = PBXSourcesBuildPhase;
			buildActionMask = 2147483647;
			files = (
				EA96E7FE1A4558200057E390 /* ViewController.swift in Sources */,
				EA96E7FC1A4558200057E390 /* AppDelegate.swift in Sources */,
			);
			runOnlyForDeploymentPostprocessing = 0;
		};
		EA96E8071A4558200057E390 /* Sources */ = {
			isa = PBXSourcesBuildPhase;
			buildActionMask = 2147483647;
			files = (
				EA96E8121A4558200057E390 /* PostcardTests.swift in Sources */,
			);
			runOnlyForDeploymentPostprocessing = 0;
		};
/* End PBXSourcesBuildPhase section */

/* Begin PBXTargetDependency section */
		EA96E80D1A4558200057E390 /* PBXTargetDependency */ = {
			isa = PBXTargetDependency;
			target = EA96E7F51A4558200057E390 /* Postcard */;
			targetProxy = EA96E80C1A4558200057E390 /* PBXContainerItemProxy */;
		};
/* End PBXTargetDependency section */

/* Begin PBXVariantGroup section */
		EA96E7FF1A4558200057E390 /* Main.storyboard */ = {
			isa = PBXVariantGroup;
			children = (
				EA96E8001A4558200057E390 /* Base */,
			);
			name = Main.storyboard;
			sourceTree = "<group>";
		};
		EA96E8041A4558200057E390 /* LaunchScreen.xib */ = {
			isa = PBXVariantGroup;
			children = (
				EA96E8051A4558200057E390 /* Base */,
			);
			name = LaunchScreen.xib;
			sourceTree = "<group>";
		};
/* End PBXVariantGroup section */

/* Begin XCBuildConfiguration section */
		EA96E8131A4558200057E390 /* Debug */ = {
			isa = XCBuildConfiguration;
			buildSettings = {
				ALWAYS_SEARCH_USER_PATHS = NO;
				CLANG_CXX_LANGUAGE_STANDARD = "gnu++0x";
				CLANG_CXX_LIBRARY = "libc++";
				CLANG_ENABLE_MODULES = YES;
				CLANG_ENABLE_OBJC_ARC = YES;
				CLANG_WARN_BOOL_CONVERSION = YES;
				CLANG_WARN_CONSTANT_CONVERSION = YES;
				CLANG_WARN_DIRECT_OBJC_ISA_USAGE = YES_ERROR;
				CLANG_WARN_EMPTY_BODY = YES;
				CLANG_WARN_ENUM_CONVERSION = YES;
				CLANG_WARN_INT_CONVERSION = YES;
				CLANG_WARN_OBJC_ROOT_CLASS = YES_ERROR;
				CLANG_WARN_UNREACHABLE_CODE = YES;
				CLANG_WARN__DUPLICATE_METHOD_MATCH = YES;
				"CODE_SIGN_IDENTITY[sdk=iphoneos*]" = "iPhone Developer";
				COPY_PHASE_STRIP = NO;
				ENABLE_STRICT_OBJC_MSGSEND = YES;
				GCC_C_LANGUAGE_STANDARD = gnu99;
				GCC_DYNAMIC_NO_PIC = NO;
				GCC_OPTIMIZATION_LEVEL = 0;
				GCC_PREPROCESSOR_DEFINITIONS = (
					"DEBUG=1",
					"$(inherited)",
				);
				GCC_SYMBOLS_PRIVATE_EXTERN = NO;
				GCC_WARN_64_TO_32_BIT_CONVERSION = YES;
				GCC_WARN_ABOUT_RETURN_TYPE = YES_ERROR;
				GCC_WARN_UNDECLARED_SELECTOR = YES;
				GCC_WARN_UNINITIALIZED_AUTOS = YES_AGGRESSIVE;
				GCC_WARN_UNUSED_FUNCTION = YES;
				GCC_WARN_UNUSED_VARIABLE = YES;
				IPHONEOS_DEPLOYMENT_TARGET = 8.1;
				MTL_ENABLE_DEBUG_INFO = YES;
				ONLY_ACTIVE_ARCH = YES;
				SDKROOT = iphoneos;
				SWIFT_OPTIMIZATION_LEVEL = "-Onone";
				TARGETED_DEVICE_FAMILY = "1,2";
			};
			name = Debug;
		};
		EA96E8141A4558200057E390 /* Release */ = {
			isa = XCBuildConfiguration;
			buildSettings = {
				ALWAYS_SEARCH_USER_PATHS = NO;
				CLANG_CXX_LANGUAGE_STANDARD = "gnu++0x";
				CLANG_CXX_LIBRARY = "libc++";
				CLANG_ENABLE_MODULES = YES;
				CLANG_ENABLE_OBJC_ARC = YES;
				CLANG_WARN_BOOL_CONVERSION = YES;
				CLANG_WARN_CONSTANT_CONVERSION = YES;
				CLANG_WARN_DIRECT_OBJC_ISA_USAGE = YES_ERROR;
				CLANG_WARN_EMPTY_BODY = YES;
				CLANG_WARN_ENUM_CONVERSION = YES;
				CLANG_WARN_INT_CONVERSION = YES;
				CLANG_WARN_OBJC_ROOT_CLASS = YES_ERROR;
				CLANG_WARN_UNREACHABLE_CODE = YES;
				CLANG_WARN__DUPLICATE_METHOD_MATCH = YES;
				"CODE_SIGN_IDENTITY[sdk=iphoneos*]" = "iPhone Developer";
				COPY_PHASE_STRIP = YES;
				ENABLE_NS_ASSERTIONS = NO;
				ENABLE_STRICT_OBJC_MSGSEND = YES;
				GCC_C_LANGUAGE_STANDARD = gnu99;
				GCC_WARN_64_TO_32_BIT_CONVERSION = YES;
				GCC_WARN_ABOUT_RETURN_TYPE = YES_ERROR;
				GCC_WARN_UNDECLARED_SELECTOR = YES;
				GCC_WARN_UNINITIALIZED_AUTOS = YES_AGGRESSIVE;
				GCC_WARN_UNUSED_FUNCTION = YES;
				GCC_WARN_UNUSED_VARIABLE = YES;
				IPHONEOS_DEPLOYMENT_TARGET = 8.1;
				MTL_ENABLE_DEBUG_INFO = NO;
				SDKROOT = iphoneos;
				TARGETED_DEVICE_FAMILY = "1,2";
				VALIDATE_PRODUCT = YES;
			};
			name = Release;
		};
		EA96E8161A4558200057E390 /* Debug */ = {
			isa = XCBuildConfiguration;
			buildSettings = {
				ASSETCATALOG_COMPILER_APPICON_NAME = AppIcon;
				INFOPLIST_FILE = Postcard/Info.plist;
				LD_RUNPATH_SEARCH_PATHS = "$(inherited) @executable_path/Frameworks";
				PRODUCT_NAME = "$(TARGET_NAME)";
			};
			name = Debug;
		};
		EA96E8171A4558200057E390 /* Release */ = {
			isa = XCBuildConfiguration;
			buildSettings = {
				ASSETCATALOG_COMPILER_APPICON_NAME = AppIcon;
				INFOPLIST_FILE = Postcard/Info.plist;
				LD_RUNPATH_SEARCH_PATHS = "$(inherited) @executable_path/Frameworks";
				PRODUCT_NAME = "$(TARGET_NAME)";
			};
			name = Release;
		};
		EA96E8191A4558200057E390 /* Debug */ = {
			isa = XCBuildConfiguration;
			buildSettings = {
				BUNDLE_LOADER = "$(TEST_HOST)";
				FRAMEWORK_SEARCH_PATHS = (
					"$(SDKROOT)/Developer/Library/Frameworks",
					"$(inherited)",
				);
				GCC_PREPROCESSOR_DEFINITIONS = (
					"DEBUG=1",
					"$(inherited)",
				);
				INFOPLIST_FILE = PostcardTests/Info.plist;
				LD_RUNPATH_SEARCH_PATHS = "$(inherited) @executable_path/Frameworks @loader_path/Frameworks";
				PRODUCT_NAME = "$(TARGET_NAME)";
				TEST_HOST = "$(BUILT_PRODUCTS_DIR)/Postcard.app/Postcard";
			};
			name = Debug;
		};
		EA96E81A1A4558200057E390 /* Release */ = {
			isa = XCBuildConfiguration;
			buildSettings = {
				BUNDLE_LOADER = "$(TEST_HOST)";
				FRAMEWORK_SEARCH_PATHS = (
					"$(SDKROOT)/Developer/Library/Frameworks",
					"$(inherited)",
				);
				INFOPLIST_FILE = PostcardTests/Info.plist;
				LD_RUNPATH_SEARCH_PATHS = "$(inherited) @executable_path/Frameworks @loader_path/Frameworks";
				PRODUCT_NAME = "$(TARGET_NAME)";
				TEST_HOST = "$(BUILT_PRODUCTS_DIR)/Postcard.app/Postcard";
			};
			name = Release;
		};
/* End XCBuildConfiguration section */

/* Begin XCConfigurationList section */
		EA96E7F11A45581F0057E390 /* Build configuration list for PBXProject "Postcard" */ = {
			isa = XCConfigurationList;
			buildConfigurations = (
				EA96E8131A4558200057E390 /* Debug */,
				EA96E8141A4558200057E390 /* Release */,
			);
			defaultConfigurationIsVisible = 0;
			defaultConfigurationName = Release;
		};
		EA96E8151A4558200057E390 /* Build configuration list for PBXNativeTarget "Postcard" */ = {
			isa = XCConfigurationList;
			buildConfigurations = (
				EA96E8161A4558200057E390 /* Debug */,
				EA96E8171A4558200057E390 /* Release */,
			);
			defaultConfigurationIsVisible = 0;
		};
		EA96E8181A4558200057E390 /* Build configuration list for PBXNativeTarget "PostcardTests" */ = {
			isa = XCConfigurationList;
			buildConfigurations = (
				EA96E8191A4558200057E390 /* Debug */,
				EA96E81A1A4558200057E390 /* Release */,
			);
			defaultConfigurationIsVisible = 0;
		};
/* End XCConfigurationList section */
	};
	rootObject = EA96E7EE1A45581F0057E390 /* Project object */;
}
